
Microsoft Visual Studio Solution File, Format Version 12.00
# Visual Studio Version 17
VisualStudioVersion = 17.1.32421.90
MinimumVisualStudioVersion = 10.0.40219.1
Project("{FAE04EC0-301F-11D3-BF4B-00C04F79EFBC}") = "crud_biblioteca", "crud_biblioteca.csproj", "{444F36C0-4CFC-4B76-B360-F6E71BD8DF54}"
EndProject
Global
	GlobalSection(SolutionConfigurationPlatforms) = preSolution
		Debug|Any CPU = Debug|Any CPU
		Release|Any CPU = Release|Any CPU
	EndGlobalSection
	GlobalSection(ProjectConfigurationPlatforms) = postSolution
		{444F36C0-4CFC-4B76-B360-F6E71BD8DF54}.Debug|Any CPU.ActiveCfg = Debug|Any CPU
		{444F36C0-4CFC-4B76-B360-F6E71BD8DF54}.Debug|Any CPU.Build.0 = Debug|Any CPU
		{444F36C0-4CFC-4B76-B360-F6E71BD8DF54}.Release|Any CPU.ActiveCfg = Release|Any CPU
		{444F36C0-4CFC-4B76-B360-F6E71BD8DF54}.Release|Any CPU.Build.0 = Release|Any CPU
	EndGlobalSection
	GlobalSection(SolutionProperties) = preSolution
		HideSolutionNode = FALSE
	EndGlobalSection
	GlobalSection(ExtensibilityGlobals) = postSolution
		SolutionGuid = {0C3C9738-580D-47BB-8A87-566C40984090}
	EndGlobalSection
EndGlobal
